<?xml version="1.0" encoding="utf-8"?>
<Project ToolsVersion="4.0" xmlns="http://schemas.microsoft.com/developer/msbuild/2003">
  <ItemGroup>
    <Filter Include="Source Files">
      <UniqueIdentifier>{4FC737F1-C7A5-4376-A066-2A32D752A2FF}</UniqueIdentifier>
      <Extensions>cpp;c;cc;cxx;def;odl;idl;hpj;bat;asm;asmx</Extensions>
    </Filter>
    <Filter Include="Header Files">
      <UniqueIdentifier>{93995380-89BD-4b04-88EB-625FBE52EBFB}</UniqueIdentifier>
      <Extensions>h;hh;hpp;hxx;hm;inl;inc;ipp;xsd</Extensions>
    </Filter>
    <Filter Include="Resource Files">
      <UniqueIdentifier>{67DA6AB6-F800-4c08-8B7A-83BB121AAD01}</UniqueIdentifier>
      <Extensions>rc;ico;cur;bmp;dlg;rc2;rct;bin;rgs;gif;jpg;jpeg;jpe;resx;tiff;tif;png;wav;mfcribbon-ms</Extensions>
    </Filter>
    <Filter Include="Source Files\Demo">
      <UniqueIdentifier>{1f986165-30af-466b-9677-b156d4820f53}</UniqueIdentifier>
    </Filter>
    <Filter Include="Source Files\Demo\Segues">
      <UniqueIdentifier>{181d1dc8-d6ad-46a9-8401-a8f7aa6c2095}</UniqueIdentifier>
    </Filter>
    <Filter Include="Source Files\Demo\Activities">
      <UniqueIdentifier>{4dc3106a-1018-4450-a789-5dcb40015b76}</UniqueIdentifier>
    </Filter>
    <Filter Include="Source Files\Demo\Utils">
      <UniqueIdentifier>{a7681cc1-3025-4d64-b89b-a6a735ff79e4}</UniqueIdentifier>
    </Filter>
  </ItemGroup>
  <ItemGroup>
    <ClInclude Include="pch.h">
      <Filter>Header Files</Filter>
    </ClInclude>
    <ClInclude Include="TextureLoader.h">
      <Filter>Source Files\Demo\Utils</Filter>
    </ClInclude>
    <ClInclude Include="Particle.h">
      <Filter>Source Files\Demo\Utils</Filter>
    </ClInclude>
    <ClInclude Include="ResourcePaths.h">
      <Filter>Source Files\Demo\Utils</Filter>
    </ClInclude>
    <ClInclude Include="Button.h">
      <Filter>Source Files\Demo\Utils</Filter>
    </ClInclude>
    <ClInclude Include="SaveFile.h">
      <Filter>Source Files\Demo\Utils</Filter>
    </ClInclude>
    <ClInclude Include="DemoActivities\aboutscene.h">
      <Filter>Source Files\Demo\Activities</Filter>
    </ClInclude>
    <ClInclude Include="DemoActivities\DemoScene.h">
      <Filter>Source Files\Demo\Activities</Filter>
    </ClInclude>
    <ClInclude Include="DemoActivities\hiscorescene.h">
      <Filter>Source Files\Demo\Activities</Filter>
    </ClInclude>
    <ClInclude Include="DemoActivities\MainMenuScene.h">
      <Filter>Source Files\Demo\Activities</Filter>
    </ClInclude>
    <ClInclude Include="..\..\src\Segues\BlendFadeIn.h">
      <Filter>Source Files\Demo\Segues</Filter>
    </ClInclude>
    <ClInclude Include="..\..\src\Segues\Checkerboard.h">
      <Filter>Source Files\Demo\Segues</Filter>
    </ClInclude>
    <ClInclude Include="..\..\src\Segues\HorizontalSlice.h">
      <Filter>Source Files\Demo\Segues</Filter>
    </ClInclude>
    <ClInclude Include="..\..\src\Segues\PageTurn.h">
      <Filter>Source Files\Demo\Segues</Filter>
    </ClInclude>
    <ClInclude Include="..\..\src\Segues\SlideIn.h">
      <Filter>Source Files\Demo\Segues</Filter>
    </ClInclude>
    <ClInclude Include="..\..\src\Segues\VerticalSlice.h">
      <Filter>Source Files\Demo\Segues</Filter>
    </ClInclude>
    <ClInclude Include="..\..\src\Segues\WhiteWashFade.h">
      <Filter>Source Files\Demo\Segues</Filter>
    </ClInclude>
    <ClInclude Include="..\..\src\Segues\ZoomIn.h">
      <Filter>Source Files\Demo\Segues</Filter>
    </ClInclude>
    <ClInclude Include="..\..\src\Segues\ZoomOut.h">
      <Filter>Source Files\Demo\Segues</Filter>
    </ClInclude>
    <ClInclude Include="..\..\src\Segues\HorizontalOpen.h">
      <Filter>Source Files\Demo\Segues</Filter>
    </ClInclude>
    <ClInclude Include="..\..\src\Segues\VerticalOpen.h">
      <Filter>Source Files\Demo\Segues</Filter>
    </ClInclude>
    <ClInclude Include="..\..\src\Segues\PixelateBlackWashFade.h">
      <Filter>Source Files\Demo\Segues</Filter>
    </ClInclude>
    <ClInclude Include="..\..\src\Segues\BlurFadeIn.h">
      <Filter>Source Files\Demo\Segues</Filter>
    </ClInclude>
    <ClInclude Include="..\..\src\Segues\BlackWashFade.h">
      <Filter>Source Files\Demo\Segues</Filter>
    </ClInclude>
    <ClInclude Include="..\..\src\Segues\PushIn.h">
      <Filter>Source Files\Demo\Segues</Filter>
    </ClInclude>
    <ClInclude Include="..\..\src\Segues\SwipeIn.h">
      <Filter>Source Files\Demo\Segues</Filter>
    </ClInclude>
    <ClInclude Include="..\..\src\Segues\DiamondTileSwipe.h">
      <Filter>Source Files\Demo\Segues</Filter>
    </ClInclude>
    <ClInclude Include="..\..\src\Segues\DiamondTileCircle.h">
      <Filter>Source Files\Demo\Segues</Filter>
    </ClInclude>
    <ClInclude Include="..\..\src\Segues\CircleClose.h">
      <Filter>Source Files\Demo\Segues</Filter>
    </ClInclude>
    <ClInclude Include="..\..\src\Segues\CircleOpen.h">
      <Filter>Source Files\Demo\Segues</Filter>
    </ClInclude>
    <ClInclude Include="..\..\src\Segues\Morph.h">
      <Filter>Source Files\Demo\Segues</Filter>
    </ClInclude>
    <ClInclude Include="..\..\src\Segues\RadialCCW.h">
      <Filter>Source Files\Demo\Segues</Filter>
    </ClInclude>
    <ClInclude Include="..\..\src\Segues\ZoomFadeIn.h">
      <Filter>Source Files\Demo\Segues</Filter>
    </ClInclude>
    <ClInclude Include="..\..\src\Segues\CrossZoom.h">
      <Filter>Source Files\Demo\Segues</Filter>
    </ClInclude>
    <ClInclude Include="..\..\src\Segues\Cube3D.h">
      <Filter>Source Files\Demo\Segues</Filter>
    </ClInclude>
    <ClInclude Include="..\..\src\Segues\ZoomFadeInBounce.h">
      <Filter>Source Files\Demo\Segues</Filter>
    </ClInclude>
  </ItemGroup>
  <ItemGroup>
    <ClCompile Include="pch.cpp">
      <Filter>Source Files</Filter>
    </ClCompile>
    <ClCompile Include="Demo.cpp">
      <Filter>Source Files\Demo</Filter>
    </ClCompile>
  </ItemGroup>
</Project>